
Microsoft Visual Studio Solution File, Format Version 12.00
# Visual Studio 15
VisualStudioVersion = 15.0.27428.2005
MinimumVisualStudioVersion = 10.0.40219.1
Project("{8BC9CEB8-8B4A-11D0-8D11-00A0C91BC942}") = "cv_test", "cv_test\cv_test.vcxproj", "{FBCCC20D-E7E6-4F57-B86B-F5D7CA5E78C8}"
EndProject
Global
	GlobalSection(SolutionConfigurationPlatforms) = preSolution
		Debug|x64 = Debug|x64
		Debug|x86 = Debug|x86
		Release|x64 = Release|x64
		Release|x86 = Release|x86
	EndGlobalSection
	GlobalSection(ProjectConfigurationPlatforms) = postSolution
		{FBCCC20D-E7E6-4F57-B86B-F5D7CA5E78C8}.Debug|x64.ActiveCfg = Debug|x64
		{FBCCC20D-E7E6-4F57-B86B-F5D7CA5E78C8}.Debug|x64.Build.0 = Debug|x64
		{FBCCC20D-E7E6-4F57-B86B-F5D7CA5E78C8}.Debug|x86.ActiveCfg = Debug|Win32
		{FBCCC20D-E7E6-4F57-B86B-F5D7CA5E78C8}.Debug|x86.Build.0 = Debug|Win32
		{FBCCC20D-E7E6-4F57-B86B-F5D7CA5E78C8}.Release|x64.ActiveCfg = Release|x64
		{FBCCC20D-E7E6-4F57-B86B-F5D7CA5E78C8}.Release|x64.Build.0 = Release|x64
		{FBCCC20D-E7E6-4F57-B86B-F5D7CA5E78C8}.Release|x86.ActiveCfg = Release|Win32
		{FBCCC20D-E7E6-4F57-B86B-F5D7CA5E78C8}.Release|x86.Build.0 = Release|Win32
	EndGlobalSection
	GlobalSection(SolutionProperties) = preSolution
		HideSolutionNode = FALSE
	EndGlobalSection
	GlobalSection(ExtensibilityGlobals) = postSolution
		SolutionGuid = {123AF073-472D-47FE-BEEA-DA1E71957CF1}
	EndGlobalSection
EndGlobal
